// !$*UTF8*$!
{
	archiveVersion = 1;
	classes = {
	};
	objectVersion = 50;
	objects = {

/* Begin PBXBuildFile section */
		324E2EEE2607586000169428 /* NewsViewModel.swift in Sources */ = {isa = PBXBuildFile; fileRef = 324E2EED2607586000169428 /* NewsViewModel.swift */; };
		324E2EF126075A7100169428 /* NewsListViewModel.swift in Sources */ = {isa = PBXBuildFile; fileRef = 324E2EF026075A7100169428 /* NewsListViewModel.swift */; };
		324E2EF526075E0F00169428 /* HeaderView.swift in Sources */ = {isa = PBXBuildFile; fileRef = 324E2EF426075E0F00169428 /* HeaderView.swift */; };
		3253F35E26053B23001620B9 /* AppDelegate.swift in Sources */ = {isa = PBXBuildFile; fileRef = 3253F35D26053B23001620B9 /* AppDelegate.swift */; };
		3253F36026053B23001620B9 /* SceneDelegate.swift in Sources */ = {isa = PBXBuildFile; fileRef = 3253F35F26053B23001620B9 /* SceneDelegate.swift */; };
		3253F36226053B23001620B9 /* ViewController.swift in Sources */ = {isa = PBXBuildFile; fileRef = 3253F36126053B23001620B9 /* ViewController.swift */; };
		3253F36726053B24001620B9 /* Assets.xcassets in Resources */ = {isa = PBXBuildFile; fileRef = 3253F36626053B24001620B9 /* Assets.xcassets */; };
		3253F36A26053B24001620B9 /* LaunchScreen.storyboard in Resources */ = {isa = PBXBuildFile; fileRef = 3253F36826053B24001620B9 /* LaunchScreen.storyboard */; };
		32B66D5C26073FA7000601C1 /* APIKey.swift in Sources */ = {isa = PBXBuildFile; fileRef = 32B66D5B26073FA7000601C1 /* APIKey.swift */; };
		32B66D6026074111000601C1 /* News.swift in Sources */ = {isa = PBXBuildFile; fileRef = 32B66D5F26074111000601C1 /* News.swift */; };
		32B66D65260742D5000601C1 /* NetworkManager.swift in Sources */ = {isa = PBXBuildFile; fileRef = 32B66D64260742D5000601C1 /* NetworkManager.swift */; };
		32BC5F70260918DF00F22A52 /* ShadowImageView.swift in Sources */ = {isa = PBXBuildFile; fileRef = 32BC5F6F260918DF00F22A52 /* ShadowImageView.swift */; };
		32BC5F73260920AB00F22A52 /* NewsTableViewCell.swift in Sources */ = {isa = PBXBuildFile; fileRef = 32BC5F72260920AB00F22A52 /* NewsTableViewCell.swift */; };
/* End PBXBuildFile section */

/* Begin PBXFileReference section */
		324E2EED2607586000169428 /* NewsViewModel.swift */ = {isa = PBXFileReference; lastKnownFileType = sourcecode.swift; path = NewsViewModel.swift; sourceTree = "<group>"; };
		324E2EF026075A7100169428 /* NewsListViewModel.swift */ = {isa = PBXFileReference; lastKnownFileType = sourcecode.swift; path = NewsListViewModel.swift; sourceTree = "<group>"; };
		324E2EF426075E0F00169428 /* HeaderView.swift */ = {isa = PBXFileReference; lastKnownFileType = sourcecode.swift; path = HeaderView.swift; sourceTree = "<group>"; };
		3253F35A26053B23001620B9 /* WeeklyNews.app */ = {isa = PBXFileReference; explicitFileType = wrapper.application; includeInIndex = 0; path = WeeklyNews.app; sourceTree = BUILT_PRODUCTS_DIR; };
		3253F35D26053B23001620B9 /* AppDelegate.swift */ = {isa = PBXFileReference; lastKnownFileType = sourcecode.swift; path = AppDelegate.swift; sourceTree = "<group>"; };
		3253F35F26053B23001620B9 /* SceneDelegate.swift */ = {isa = PBXFileReference; lastKnownFileType = sourcecode.swift; path = SceneDelegate.swift; sourceTree = "<group>"; };
		3253F36126053B23001620B9 /* ViewController.swift */ = {isa = PBXFileReference; lastKnownFileType = sourcecode.swift; path = ViewController.swift; sourceTree = "<group>"; };
		3253F36626053B24001620B9 /* Assets.xcassets */ = {isa = PBXFileReference; lastKnownFileType = folder.assetcatalog; path = Assets.xcassets; sourceTree = "<group>"; };
		3253F36926053B24001620B9 /* Base */ = {isa = PBXFileReference; lastKnownFileType = file.storyboard; name = Base; path = Base.lproj/LaunchScreen.storyboard; sourceTree = "<group>"; };
		3253F36B26053B24001620B9 /* Info.plist */ = {isa = PBXFileReference; lastKnownFileType = text.plist.xml; path = Info.plist; sourceTree = "<group>"; };
		32B66D5B26073FA7000601C1 /* APIKey.swift */ = {isa = PBXFileReference; lastKnownFileType = sourcecode.swift; path = APIKey.swift; sourceTree = "<group>"; };
		32B66D5F26074111000601C1 /* News.swift */ = {isa = PBXFileReference; lastKnownFileType = sourcecode.swift; path = News.swift; sourceTree = "<group>"; };
		32B66D64260742D5000601C1 /* NetworkManager.swift */ = {isa = PBXFileReference; lastKnownFileType = sourcecode.swift; path = NetworkManager.swift; sourceTree = "<group>"; };
		32BC5F6F260918DF00F22A52 /* ShadowImageView.swift */ = {isa = PBXFileReference; lastKnownFileType = sourcecode.swift; path = ShadowImageView.swift; sourceTree = "<group>"; };
		32BC5F72260920AB00F22A52 /* NewsTableViewCell.swift */ = {isa = PBXFileReference; lastKnownFileType = sourcecode.swift; path = NewsTableViewCell.swift; sourceTree = "<group>"; };
/* End PBXFileReference section */

/* Begin PBXFrameworksBuildPhase section */
		3253F35726053B23001620B9 /* Frameworks */ = {
			isa = PBXFrameworksBuildPhase;
			buildActionMask = 2147483647;
			files = (
			);
			runOnlyForDeploymentPostprocessing = 0;
		};
/* End PBXFrameworksBuildPhase section */

/* Begin PBXGroup section */
		324E2EEC2607584500169428 /* ViewModels */ = {
			isa = PBXGroup;
			children = (
				324E2EED2607586000169428 /* NewsViewModel.swift */,
				324E2EF026075A7100169428 /* NewsListViewModel.swift */,
			);
			path = ViewModels;
			sourceTree = "<group>";
		};
		324E2EF326075E0800169428 /* Views */ = {
			isa = PBXGroup;
			children = (
				324E2EF426075E0F00169428 /* HeaderView.swift */,
				32BC5F6F260918DF00F22A52 /* ShadowImageView.swift */,
				32BC5F72260920AB00F22A52 /* NewsTableViewCell.swift */,
			);
			path = Views;
			sourceTree = "<group>";
		};
		3253F35126053B23001620B9 = {
			isa = PBXGroup;
			children = (
				3253F35C26053B23001620B9 /* WeeklyNews */,
				3253F35B26053B23001620B9 /* Products */,
			);
			sourceTree = "<group>";
		};
		3253F35B26053B23001620B9 /* Products */ = {
			isa = PBXGroup;
			children = (
				3253F35A26053B23001620B9 /* WeeklyNews.app */,
			);
			name = Products;
			sourceTree = "<group>";
		};
		3253F35C26053B23001620B9 /* WeeklyNews */ = {
			isa = PBXGroup;
			children = (
				324E2EF326075E0800169428 /* Views */,
				324E2EEC2607584500169428 /* ViewModels */,
				32B66D63260742BC000601C1 /* Services */,
				32B66D5E26074108000601C1 /* Models */,
				32B66D5A26073F57000601C1 /* Config */,
				3253F35D26053B23001620B9 /* AppDelegate.swift */,
				3253F35F26053B23001620B9 /* SceneDelegate.swift */,
				3253F36126053B23001620B9 /* ViewController.swift */,
				3253F36626053B24001620B9 /* Assets.xcassets */,
				3253F36826053B24001620B9 /* LaunchScreen.storyboard */,
				3253F36B26053B24001620B9 /* Info.plist */,
			);
			path = WeeklyNews;
			sourceTree = "<group>";
		};
		32B66D5A26073F57000601C1 /* Config */ = {
			isa = PBXGroup;
			children = (
				32B66D5B26073FA7000601C1 /* APIKey.swift */,
			);
			path = Config;
			sourceTree = "<group>";
		};
		32B66D5E26074108000601C1 /* Models */ = {
			isa = PBXGroup;
			children = (
				32B66D5F26074111000601C1 /* News.swift */,
			);
			path = Models;
			sourceTree = "<group>";
		};
		32B66D63260742BC000601C1 /* Services */ = {
			isa = PBXGroup;
			children = (
				32B66D64260742D5000601C1 /* NetworkManager.swift */,
			);
			path = Services;
			sourceTree = "<group>";
		};
/* End PBXGroup section */

/* Begin PBXNativeTarget section */
		3253F35926053B23001620B9 /* WeeklyNews */ = {
			isa = PBXNativeTarget;
			buildConfigurationList = 3253F36E26053B24001620B9 /* Build configuration list for PBXNativeTarget "WeeklyNews" */;
			buildPhases = (
				3253F35626053B23001620B9 /* Sources */,
				3253F35726053B23001620B9 /* Frameworks */,
				3253F35826053B23001620B9 /* Resources */,
			);
			buildRules = (
			);
			dependencies = (
			);
			name = WeeklyNews;
			productName = WeeklyNews;
			productReference = 3253F35A26053B23001620B9 /* WeeklyNews.app */;
			productType = "com.apple.product-type.application";
		};
/* End PBXNativeTarget section */

/* Begin PBXProject section */
		3253F35226053B23001620B9 /* Project object */ = {
			isa = PBXProject;
			attributes = {
				LastSwiftUpdateCheck = 1240;
				LastUpgradeCheck = 1240;
				TargetAttributes = {
					3253F35926053B23001620B9 = {
						CreatedOnToolsVersion = 12.4;
					};
				};
			};
			buildConfigurationList = 3253F35526053B23001620B9 /* Build configuration list for PBXProject "WeeklyNews" */;
			compatibilityVersion = "Xcode 9.3";
			developmentRegion = en;
			hasScannedForEncodings = 0;
			knownRegions = (
				en,
				Base,
			);
			mainGroup = 3253F35126053B23001620B9;
			productRefGroup = 3253F35B26053B23001620B9 /* Products */;
			projectDirPath = "";
			projectRoot = "";
			targets = (
				3253F35926053B23001620B9 /* WeeklyNews */,
			);
		};
/* End PBXProject section */

/* Begin PBXResourcesBuildPhase section */
		3253F35826053B23001620B9 /* Resources */ = {
			isa = PBXResourcesBuildPhase;
			buildActionMask = 2147483647;
			files = (
				3253F36A26053B24001620B9 /* LaunchScreen.storyboard in Resources */,
				3253F36726053B24001620B9 /* Assets.xcassets in Resources */,
			);
			runOnlyForDeploymentPostprocessing = 0;
		};
/* End PBXResourcesBuildPhase section */

/* Begin PBXSourcesBuildPhase section */
		3253F35626053B23001620B9 /* Sources */ = {
			isa = PBXSourcesBuildPhase;
			buildActionMask = 2147483647;
			files = (
				32B66D65260742D5000601C1 /* NetworkManager.swift in Sources */,
				32BC5F73260920AB00F22A52 /* NewsTableViewCell.swift in Sources */,
				324E2EF526075E0F00169428 /* HeaderView.swift in Sources */,
				3253F36226053B23001620B9 /* ViewController.swift in Sources */,
				3253F35E26053B23001620B9 /* AppDelegate.swift in Sources */,
				32B66D5C26073FA7000601C1 /* APIKey.swift in Sources */,
				324E2EEE2607586000169428 /* NewsViewModel.swift in Sources */,
				32B66D6026074111000601C1 /* News.swift in Sources */,
				3253F36026053B23001620B9 /* SceneDelegate.swift in Sources */,
				32BC5F70260918DF00F22A52 /* ShadowImageView.swift in Sources */,
				324E2EF126075A7100169428 /* NewsListViewModel.swift in Sources */,
			);
			runOnlyForDeploymentPostprocessing = 0;
		};
/* End PBXSourcesBuildPhase section */

/* Begin PBXVariantGroup section */
		3253F36826053B24001620B9 /* LaunchScreen.storyboard */ = {
			isa = PBXVariantGroup;
			children = (
				3253F36926053B24001620B9 /* Base */,
			);
			name = LaunchScreen.storyboard;
			sourceTree = "<group>";
		};
/* End PBXVariantGroup section */

/* Begin XCBuildConfiguration section */
		3253F36C26053B24001620B9 /* Debug */ = {
			isa = XCBuildConfiguration;
			buildSettings = {
				ALWAYS_SEARCH_USER_PATHS = NO;
				CLANG_ANALYZER_NONNULL = YES;
				CLANG_ANALYZER_NUMBER_OBJECT_CONVERSION = YES_AGGRESSIVE;
				CLANG_CXX_LANGUAGE_STANDARD = "gnu++14";
				CLANG_CXX_LIBRARY = "libc++";
				CLANG_ENABLE_MODULES = YES;
				CLANG_ENABLE_OBJC_ARC = YES;
				CLANG_ENABLE_OBJC_WEAK = YES;
				CLANG_WARN_BLOCK_CAPTURE_AUTORELEASING = YES;
				CLANG_WARN_BOOL_CONVERSION = YES;
				CLANG_WARN_COMMA = YES;
				CLANG_WARN_CONSTANT_CONVERSION = YES;
				CLANG_WARN_DEPRECATED_OBJC_IMPLEMENTATIONS = YES;
				CLANG_WARN_DIRECT_OBJC_ISA_USAGE = YES_ERROR;
				CLANG_WARN_DOCUMENTATION_COMMENTS = YES;
				CLANG_WARN_EMPTY_BODY = YES;
				CLANG_WARN_ENUM_CONVERSION = YES;
				CLANG_WARN_INFINITE_RECURSION = YES;
				CLANG_WARN_INT_CONVERSION = YES;
				CLANG_WARN_NON_LITERAL_NULL_CONVERSION = YES;
				CLANG_WARN_OBJC_IMPLICIT_RETAIN_SELF = YES;
				CLANG_WARN_OBJC_LITERAL_CONVERSION = YES;
				CLANG_WARN_OBJC_ROOT_CLASS = YES_ERROR;
				CLANG_WARN_QUOTED_INCLUDE_IN_FRAMEWORK_HEADER = YES;
				CLANG_WARN_RANGE_LOOP_ANALYSIS = YES;
				CLANG_WARN_STRICT_PROTOTYPES = YES;
				CLANG_WARN_SUSPICIOUS_MOVE = YES;
				CLANG_WARN_UNGUARDED_AVAILABILITY = YES_AGGRESSIVE;
				CLANG_WARN_UNREACHABLE_CODE = YES;
				CLANG_WARN__DUPLICATE_METHOD_MATCH = YES;
				COPY_PHASE_STRIP = NO;
				DEBUG_INFORMATION_FORMAT = dwarf;
				ENABLE_STRICT_OBJC_MSGSEND = YES;
				ENABLE_TESTABILITY = YES;
				GCC_C_LANGUAGE_STANDARD = gnu11;
				GCC_DYNAMIC_NO_PIC = NO;
				GCC_NO_COMMON_BLOCKS = YES;
				GCC_OPTIMIZATION_LEVEL = 0;
				GCC_PREPROCESSOR_DEFINITIONS = (
					"DEBUG=1",
					"$(inherited)",
				);
				GCC_WARN_64_TO_32_BIT_CONVERSION = YES;
				GCC_WARN_ABOUT_RETURN_TYPE = YES_ERROR;
				GCC_WARN_UNDECLARED_SELECTOR = YES;
				GCC_WARN_UNINITIALIZED_AUTOS = YES_AGGRESSIVE;
				GCC_WARN_UNUSED_FUNCTION = YES;
				GCC_WARN_UNUSED_VARIABLE = YES;
				IPHONEOS_DEPLOYMENT_TARGET = 14.4;
				MTL_ENABLE_DEBUG_INFO = INCLUDE_SOURCE;
				MTL_FAST_MATH = YES;
				ONLY_ACTIVE_ARCH = YES;
				SDKROOT = iphoneos;
				SWIFT_ACTIVE_COMPILATION_CONDITIONS = DEBUG;
				SWIFT_OPTIMIZATION_LEVEL = "-Onone";
			};
			name = Debug;
		};
		3253F36D26053B24001620B9 /* Release */ = {
			isa = XCBuildConfiguration;
			buildSettings = {
				ALWAYS_SEARCH_USER_PATHS = NO;
				CLANG_ANALYZER_NONNULL = YES;
				CLANG_ANALYZER_NUMBER_OBJECT_CONVERSION = YES_AGGRESSIVE;
				CLANG_CXX_LANGUAGE_STANDARD = "gnu++14";
				CLANG_CXX_LIBRARY = "libc++";
				CLANG_ENABLE_MODULES = YES;
				CLANG_ENABLE_OBJC_ARC = YES;
				CLANG_ENABLE_OBJC_WEAK = YES;
				CLANG_WARN_BLOCK_CAPTURE_AUTORELEASING = YES;
				CLANG_WARN_BOOL_CONVERSION = YES;
				CLANG_WARN_COMMA = YES;
				CLANG_WARN_CONSTANT_CONVERSION = YES;
				CLANG_WARN_DEPRECATED_OBJC_IMPLEMENTATIONS = YES;
				CLANG_WARN_DIRECT_OBJC_ISA_USAGE = YES_ERROR;
				CLANG_WARN_DOCUMENTATION_COMMENTS = YES;
				CLANG_WARN_EMPTY_BODY = YES;
				CLANG_WARN_ENUM_CONVERSION = YES;
				CLANG_WARN_INFINITE_RECURSION = YES;
				CLANG_WARN_INT_CONVERSION = YES;
				CLANG_WARN_NON_LITERAL_NULL_CONVERSION = YES;
				CLANG_WARN_OBJC_IMPLICIT_RETAIN_SELF = YES;
				CLANG_WARN_OBJC_LITERAL_CONVERSION = YES;
				CLANG_WARN_OBJC_ROOT_CLASS = YES_ERROR;
				CLANG_WARN_QUOTED_INCLUDE_IN_FRAMEWORK_HEADER = YES;
				CLANG_WARN_RANGE_LOOP_ANALYSIS = YES;
				CLANG_WARN_STRICT_PROTOTYPES = YES;
				CLANG_WARN_SUSPICIOUS_MOVE = YES;
				CLANG_WARN_UNGUARDED_AVAILABILITY = YES_AGGRESSIVE;
				CLANG_WARN_UNREACHABLE_CODE = YES;
				CLANG_WARN__DUPLICATE_METHOD_MATCH = YES;
				COPY_PHASE_STRIP = NO;
				DEBUG_INFORMATION_FORMAT = "dwarf-with-dsym";
				ENABLE_NS_ASSERTIONS = NO;
				ENABLE_STRICT_OBJC_MSGSEND = YES;
				GCC_C_LANGUAGE_STANDARD = gnu11;
				GCC_NO_COMMON_BLOCKS = YES;
				GCC_WARN_64_TO_32_BIT_CONVERSION = YES;
				GCC_WARN_ABOUT_RETURN_TYPE = YES_ERROR;
				GCC_WARN_UNDECLARED_SELECTOR = YES;
				GCC_WARN_UNINITIALIZED_AUTOS = YES_AGGRESSIVE;
				GCC_WARN_UNUSED_FUNCTION = YES;
				GCC_WARN_UNUSED_VARIABLE = YES;
				IPHONEOS_DEPLOYMENT_TARGET = 14.4;
				MTL_ENABLE_DEBUG_INFO = NO;
				MTL_FAST_MATH = YES;
				SDKROOT = iphoneos;
				SWIFT_COMPILATION_MODE = wholemodule;
				SWIFT_OPTIMIZATION_LEVEL = "-O";
				VALIDATE_PRODUCT = YES;
			};
			name = Release;
		};
		3253F36F26053B24001620B9 /* Debug */ = {
			isa = XCBuildConfiguration;
			buildSettings = {
				ASSETCATALOG_COMPILER_APPICON_NAME = AppIcon;
				ASSETCATALOG_COMPILER_GLOBAL_ACCENT_COLOR_NAME = AccentColor;
				CODE_SIGN_STYLE = Automatic;
				DEVELOPMENT_TEAM = 2V83UZ9AV3;
				INFOPLIST_FILE = WeeklyNews/Info.plist;
				LD_RUNPATH_SEARCH_PATHS = (
					"$(inherited)",
					"@executable_path/Frameworks",
				);
				PRODUCT_BUNDLE_IDENTIFIER = "ru.yatsyuk.dev-mail.WeeklyNews";
				PRODUCT_NAME = "$(TARGET_NAME)";
				SWIFT_VERSION = 5.0;
				TARGETED_DEVICE_FAMILY = "1,2";
			};
			name = Debug;
		};
		3253F37026053B24001620B9 /* Release */ = {
			isa = XCBuildConfiguration;
			buildSettings = {
				ASSETCATALOG_COMPILER_APPICON_NAME = AppIcon;
				ASSETCATALOG_COMPILER_GLOBAL_ACCENT_COLOR_NAME = AccentColor;
				CODE_SIGN_STYLE = Automatic;
				DEVELOPMENT_TEAM = 2V83UZ9AV3;
				INFOPLIST_FILE = WeeklyNews/Info.plist;
				LD_RUNPATH_SEARCH_PATHS = (
					"$(inherited)",
					"@executable_path/Frameworks",
				);
				PRODUCT_BUNDLE_IDENTIFIER = "ru.yatsyuk.dev-mail.WeeklyNews";
				PRODUCT_NAME = "$(TARGET_NAME)";
				SWIFT_VERSION = 5.0;
				TARGETED_DEVICE_FAMILY = "1,2";
			};
			name = Release;
		};
/* End XCBuildConfiguration section */

/* Begin XCConfigurationList section */
		3253F35526053B23001620B9 /* Build configuration list for PBXProject "WeeklyNews" */ = {
			isa = XCConfigurationList;
			buildConfigurations = (
				3253F36C26053B24001620B9 /* Debug */,
				3253F36D26053B24001620B9 /* Release */,
			);
			defaultConfigurationIsVisible = 0;
			defaultConfigurationName = Release;
		};
		3253F36E26053B24001620B9 /* Build configuration list for PBXNativeTarget "WeeklyNews" */ = {
			isa = XCConfigurationList;
			buildConfigurations = (
				3253F36F26053B24001620B9 /* Debug */,
				3253F37026053B24001620B9 /* Release */,
			);
			defaultConfigurationIsVisible = 0;
			defaultConfigurationName = Release;
		};
/* End XCConfigurationList section */
	};
	rootObject = 3253F35226053B23001620B9 /* Project object */;
}
